
Microsoft Visual Studio Solution File, Format Version 12.00
Project("{FAE04EC0-301F-11D3-BF4B-00C04F79EFBC}") = "Speckle.Sdk", "src\Speckle.Sdk\Speckle.Sdk.csproj", "{A413E196-3696-4F48-B635-04B5F76BF9C9}"
EndProject
Project("{FAE04EC0-301F-11D3-BF4B-00C04F79EFBC}") = "Speckle.Sdk.Tests.Unit", "tests\Speckle.Sdk.Tests.Unit\Speckle.Sdk.Tests.Unit.csproj", "{99AE2273-12C5-4A9D-9FDD-19F8B394B5E2}"
EndProject
Project("{FAE04EC0-301F-11D3-BF4B-00C04F79EFBC}") = "Speckle.Objects", "src\Speckle.Objects\Speckle.Objects.csproj", "{181F50AA-DD2A-4541-98EF-B868E2D06B9A}"
EndProject
Project("{FAE04EC0-301F-11D3-BF4B-00C04F79EFBC}") = "Speckle.Objects.Tests.Unit", "tests\Speckle.Objects.Tests.Unit\Speckle.Objects.Tests.Unit.csproj", "{A0338FC0-3011-498F-AD09-01230FABD3ED}"
EndProject
Project("{2150E333-8FDC-42A3-9474-1A3956D46DE8}") = "src", "src", "{5CB96C27-FC5B-4A41-86B6-951AF99B8116}"
EndProject
Project("{2150E333-8FDC-42A3-9474-1A3956D46DE8}") = "tests", "tests", "{35047EE7-AD1D-4741-80A7-8F0E874718E9}"
EndProject
Project("{2150E333-8FDC-42A3-9474-1A3956D46DE8}") = "config", "config", "{DA2AED52-58F9-471E-8AD8-102FD36129E3}"
	ProjectSection(SolutionItems) = preProject
		.csharpierrc.yaml = .csharpierrc.yaml
		.editorconfig = .editorconfig
		Directory.Build.props = Directory.Build.props
		Directory.Packages.props = Directory.Packages.props
		global.json = global.json
		README.md = README.md
		GitVersion.yml = GitVersion.yml
		docker-compose.yml = docker-compose.yml
		CodeMetricsConfig.txt = CodeMetricsConfig.txt
		Directory.Build.Targets = Directory.Build.Targets
	EndProjectSection
EndProject
Project("{2150E333-8FDC-42A3-9474-1A3956D46DE8}") = "build", "build", "{58D37DA9-F948-48CA-9A73-F5BBBD533DBF}"
EndProject
Project("{FAE04EC0-301F-11D3-BF4B-00C04F79EFBC}") = "build", "build\build.csproj", "{9B8DDEB5-37C7-49B5-984D-C65DE5FCB7B7}"
EndProject
Project("{FAE04EC0-301F-11D3-BF4B-00C04F79EFBC}") = "Speckle.Sdk.Serialization.Tests", "tests\Speckle.Sdk.Serialization.Tests\Speckle.Sdk.Serialization.Tests.csproj", "{AA1E1E51-49AE-4F71-84B1-938E19695BE0}"
EndProject
Project("{FAE04EC0-301F-11D3-BF4B-00C04F79EFBC}") = "Speckle.Sdk.Tests.Integration", "tests\Speckle.Sdk.Tests.Integration\Speckle.Sdk.Tests.Integration.csproj", "{4FB41A6D-D139-4111-8115-E3F9F6BEAF24}"
EndProject
Project("{2150E333-8FDC-42A3-9474-1A3956D46DE8}") = "workflows", "workflows", "{B623BD21-5CAA-43F9-A539-1835276C220E}"
	ProjectSection(SolutionItems) = preProject
		.github\workflows\pr.yml = .github\workflows\pr.yml
		.github\workflows\release.yml = .github\workflows\release.yml
	EndProjectSection
EndProject
Project("{FAE04EC0-301F-11D3-BF4B-00C04F79EFBC}") = "Speckle.Sdk.Tests.Performance", "tests\Speckle.Sdk.Tests.Performance\Speckle.Sdk.Tests.Performance.csproj", "{870E3396-E6F7-43AE-B120-E651FA4F46BD}"
EndProject
Project("{FAE04EC0-301F-11D3-BF4B-00C04F79EFBC}") = "Speckle.Sdk.Serialization.Testing", "tests\Speckle.Sdk.Serialization.Testing\Speckle.Sdk.Serialization.Testing.csproj", "{FF922B6D-D416-4348-8CB8-0C8B28691070}"
EndProject
Project("{FAE04EC0-301F-11D3-BF4B-00C04F79EFBC}") = "Speckle.Sdk.Dependencies", "src\Speckle.Sdk.Dependencies\Speckle.Sdk.Dependencies.csproj", "{27584AB4-8ACD-4850-8CC2-7E5BC739FB78}"
EndProject
Project("{FAE04EC0-301F-11D3-BF4B-00C04F79EFBC}") = "Speckle.Sdk.Testing", "tests\Speckle.Sdk.Testing\Speckle.Sdk.Testing.csproj", "{7B617C0D-2354-415C-993C-5071D4113E27}"
EndProject
Project("{2150E333-8FDC-42A3-9474-1A3956D46DE8}") = "performance", "performance", "{FFB07238-87E8-463A-AA39-3B38AAAA94C1}"
EndProject
Global
	GlobalSection(SolutionConfigurationPlatforms) = preSolution
		Debug|Any CPU = Debug|Any CPU
		Release|Any CPU = Release|Any CPU
	EndGlobalSection
	GlobalSection(ProjectConfigurationPlatforms) = postSolution
		{8781B61F-0308-488A-BEB2-1939E7CEEBE9}.Debug|Any CPU.ActiveCfg = Debug|Any CPU
		{8781B61F-0308-488A-BEB2-1939E7CEEBE9}.Debug|Any CPU.Build.0 = Debug|Any CPU
		{8781B61F-0308-488A-BEB2-1939E7CEEBE9}.Release|Any CPU.ActiveCfg = Release|Any CPU
		{8781B61F-0308-488A-BEB2-1939E7CEEBE9}.Release|Any CPU.Build.0 = Release|Any CPU
		{A413E196-3696-4F48-B635-04B5F76BF9C9}.Debug|Any CPU.ActiveCfg = Debug|Any CPU
		{A413E196-3696-4F48-B635-04B5F76BF9C9}.Debug|Any CPU.Build.0 = Debug|Any CPU
		{A413E196-3696-4F48-B635-04B5F76BF9C9}.Release|Any CPU.ActiveCfg = Release|Any CPU
		{A413E196-3696-4F48-B635-04B5F76BF9C9}.Release|Any CPU.Build.0 = Release|Any CPU
		{99AE2273-12C5-4A9D-9FDD-19F8B394B5E2}.Debug|Any CPU.ActiveCfg = Debug|Any CPU
		{99AE2273-12C5-4A9D-9FDD-19F8B394B5E2}.Debug|Any CPU.Build.0 = Debug|Any CPU
		{99AE2273-12C5-4A9D-9FDD-19F8B394B5E2}.Release|Any CPU.ActiveCfg = Release|Any CPU
		{99AE2273-12C5-4A9D-9FDD-19F8B394B5E2}.Release|Any CPU.Build.0 = Release|Any CPU
		{181F50AA-DD2A-4541-98EF-B868E2D06B9A}.Debug|Any CPU.ActiveCfg = Debug|Any CPU
		{181F50AA-DD2A-4541-98EF-B868E2D06B9A}.Debug|Any CPU.Build.0 = Debug|Any CPU
		{181F50AA-DD2A-4541-98EF-B868E2D06B9A}.Release|Any CPU.ActiveCfg = Release|Any CPU
		{181F50AA-DD2A-4541-98EF-B868E2D06B9A}.Release|Any CPU.Build.0 = Release|Any CPU
		{A0338FC0-3011-498F-AD09-01230FABD3ED}.Debug|Any CPU.ActiveCfg = Debug|Any CPU
		{A0338FC0-3011-498F-AD09-01230FABD3ED}.Debug|Any CPU.Build.0 = Debug|Any CPU
		{A0338FC0-3011-498F-AD09-01230FABD3ED}.Release|Any CPU.ActiveCfg = Release|Any CPU
		{A0338FC0-3011-498F-AD09-01230FABD3ED}.Release|Any CPU.Build.0 = Release|Any CPU
		{9B8DDEB5-37C7-49B5-984D-C65DE5FCB7B7}.Debug|Any CPU.ActiveCfg = Debug|Any CPU
		{9B8DDEB5-37C7-49B5-984D-C65DE5FCB7B7}.Debug|Any CPU.Build.0 = Debug|Any CPU
		{9B8DDEB5-37C7-49B5-984D-C65DE5FCB7B7}.Release|Any CPU.ActiveCfg = Release|Any CPU
		{9B8DDEB5-37C7-49B5-984D-C65DE5FCB7B7}.Release|Any CPU.Build.0 = Release|Any CPU
		{AA1E1E51-49AE-4F71-84B1-938E19695BE0}.Debug|Any CPU.ActiveCfg = Debug|Any CPU
		{AA1E1E51-49AE-4F71-84B1-938E19695BE0}.Debug|Any CPU.Build.0 = Debug|Any CPU
		{AA1E1E51-49AE-4F71-84B1-938E19695BE0}.Release|Any CPU.ActiveCfg = Release|Any CPU
		{AA1E1E51-49AE-4F71-84B1-938E19695BE0}.Release|Any CPU.Build.0 = Release|Any CPU
		{4FB41A6D-D139-4111-8115-E3F9F6BEAF24}.Debug|Any CPU.ActiveCfg = Debug|Any CPU
		{4FB41A6D-D139-4111-8115-E3F9F6BEAF24}.Debug|Any CPU.Build.0 = Debug|Any CPU
		{4FB41A6D-D139-4111-8115-E3F9F6BEAF24}.Release|Any CPU.ActiveCfg = Release|Any CPU
		{4FB41A6D-D139-4111-8115-E3F9F6BEAF24}.Release|Any CPU.Build.0 = Release|Any CPU
		{870E3396-E6F7-43AE-B120-E651FA4F46BD}.Debug|Any CPU.ActiveCfg = Debug|Any CPU
		{870E3396-E6F7-43AE-B120-E651FA4F46BD}.Debug|Any CPU.Build.0 = Debug|Any CPU
		{870E3396-E6F7-43AE-B120-E651FA4F46BD}.Release|Any CPU.ActiveCfg = Release|Any CPU
		{870E3396-E6F7-43AE-B120-E651FA4F46BD}.Release|Any CPU.Build.0 = Release|Any CPU
		{FF922B6D-D416-4348-8CB8-0C8B28691070}.Debug|Any CPU.ActiveCfg = Debug|Any CPU
		{FF922B6D-D416-4348-8CB8-0C8B28691070}.Debug|Any CPU.Build.0 = Debug|Any CPU
		{FF922B6D-D416-4348-8CB8-0C8B28691070}.Release|Any CPU.ActiveCfg = Release|Any CPU
		{FF922B6D-D416-4348-8CB8-0C8B28691070}.Release|Any CPU.Build.0 = Release|Any CPU
		{27584AB4-8ACD-4850-8CC2-7E5BC739FB78}.Debug|Any CPU.ActiveCfg = Debug|Any CPU
		{27584AB4-8ACD-4850-8CC2-7E5BC739FB78}.Debug|Any CPU.Build.0 = Debug|Any CPU
		{27584AB4-8ACD-4850-8CC2-7E5BC739FB78}.Release|Any CPU.ActiveCfg = Release|Any CPU
		{27584AB4-8ACD-4850-8CC2-7E5BC739FB78}.Release|Any CPU.Build.0 = Release|Any CPU
		{7B617C0D-2354-415C-993C-5071D4113E27}.Debug|Any CPU.ActiveCfg = Debug|Any CPU
		{7B617C0D-2354-415C-993C-5071D4113E27}.Debug|Any CPU.Build.0 = Debug|Any CPU
		{7B617C0D-2354-415C-993C-5071D4113E27}.Release|Any CPU.ActiveCfg = Release|Any CPU
		{7B617C0D-2354-415C-993C-5071D4113E27}.Release|Any CPU.Build.0 = Release|Any CPU
	EndGlobalSection
	GlobalSection(NestedProjects) = preSolution
		{A413E196-3696-4F48-B635-04B5F76BF9C9} = {5CB96C27-FC5B-4A41-86B6-951AF99B8116}
		{181F50AA-DD2A-4541-98EF-B868E2D06B9A} = {5CB96C27-FC5B-4A41-86B6-951AF99B8116}
		{99AE2273-12C5-4A9D-9FDD-19F8B394B5E2} = {35047EE7-AD1D-4741-80A7-8F0E874718E9}
		{A0338FC0-3011-498F-AD09-01230FABD3ED} = {35047EE7-AD1D-4741-80A7-8F0E874718E9}
		{9B8DDEB5-37C7-49B5-984D-C65DE5FCB7B7} = {58D37DA9-F948-48CA-9A73-F5BBBD533DBF}
		{AA1E1E51-49AE-4F71-84B1-938E19695BE0} = {35047EE7-AD1D-4741-80A7-8F0E874718E9}
		{4FB41A6D-D139-4111-8115-E3F9F6BEAF24} = {35047EE7-AD1D-4741-80A7-8F0E874718E9}
		{B623BD21-5CAA-43F9-A539-1835276C220E} = {DA2AED52-58F9-471E-8AD8-102FD36129E3}
		{27584AB4-8ACD-4850-8CC2-7E5BC739FB78} = {5CB96C27-FC5B-4A41-86B6-951AF99B8116}
		{7B617C0D-2354-415C-993C-5071D4113E27} = {35047EE7-AD1D-4741-80A7-8F0E874718E9}
		{FF922B6D-D416-4348-8CB8-0C8B28691070} = {FFB07238-87E8-463A-AA39-3B38AAAA94C1}
		{870E3396-E6F7-43AE-B120-E651FA4F46BD} = {FFB07238-87E8-463A-AA39-3B38AAAA94C1}
	EndGlobalSection
EndGlobal
