{
  "version": 2,
  "dependencies": {
    "net10.0": {
      "Microsoft.SourceLink.GitHub": {
        "type": "Direct",
        "requested": "[8.0.0, )",
        "resolved": "8.0.0",
        "contentHash": "G5q7OqtwIyGTkeIOAc3u2ZuV/kicQaec5EaRnc0pIeSnh9LUjj+PYQrJYBURvDt7twGl2PKA7nSN0kz1Zw5bnQ==",
        "dependencies": {
          "Microsoft.Build.Tasks.Git": "8.0.0",
          "Microsoft.SourceLink.Common": "8.0.0"
        }
      },
      "PolySharp": {
        "type": "Direct",
        "requested": "[1.15.0, )",
        "resolved": "1.15.0",
        "contentHash": "FbU0El+EEjdpuIX4iDbeS7ki1uzpJPx8vbqOzEtqnl1GZeAGJfq+jCbxeJL2y0EPnUNk8dRnnqR2xnYXg9Tf+g=="
      },
      "Speckle.InterfaceGenerator": {
        "type": "Direct",
        "requested": "[0.9.6, )",
        "resolved": "0.9.6",
        "contentHash": "HKH7tYrYYlCK1ct483hgxERAdVdMtl7gUKW9ijWXxA1UsYR4Z+TrRHYmzZ9qmpu1NnTycSrp005NYM78GDKV1w=="
      },
      "BenchmarkDotNet.Annotations": {
        "type": "Transitive",
        "resolved": "0.15.8",
        "contentHash": "hfucY0ycAsB0SsoaZcaAp9oq5wlWBJcylvEJb9pmvdYUx6PD6S4mDiYnZWjdjAlLhIpe/xtGCwzORfzAzPqvzA=="
      },
      "CommandLineParser": {
        "type": "Transitive",
        "resolved": "2.9.1",
        "contentHash": "OE0sl1/sQ37bjVsPKKtwQlWDgqaxWgtme3xZz7JssWUzg5JpMIyHgCTY9MVMxOg48fJ1AgGT3tgdH5m/kQ5xhA=="
      },
      "Gee.External.Capstone": {
        "type": "Transitive",
        "resolved": "2.3.0",
        "contentHash": "2ap/rYmjtzCOT8hxrnEW/QeiOt+paD8iRrIcdKX0cxVwWLFa1e+JDBNeECakmccXrSFeBQuu5AV8SNkipFMMMw=="
      },
      "GraphQL.Client.Abstractions": {
        "type": "Transitive",
        "resolved": "6.1.0",
        "contentHash": "Za31wjKLEeROZYJmp0Lmj/TLQ1Yw6x6QM0JHABcuyMC3OSopr34ufayrtdxtbL1a3129FTVFKOFC0hcooSQoJQ==",
        "dependencies": {
          "GraphQL.Primitives": "6.1.0"
        }
      },
      "GraphQL.Client.Abstractions.Websocket": {
        "type": "Transitive",
        "resolved": "6.1.0",
        "contentHash": "PjdG3q4MzPsa5NiBOBhuIRMRTo59der5bFmX2r1gSS3RIjytwpooxF2RffFCBh16sqbwuH1/dllDcNG+EJt1qA==",
        "dependencies": {
          "GraphQL.Client.Abstractions": "6.1.0"
        }
      },
      "GraphQL.Primitives": {
        "type": "Transitive",
        "resolved": "6.1.0",
        "contentHash": "L8yQ70Wd9p8hMJvnmpgyZfr2R6Q7S0/lPyEBI1tacJa5XzsoJSVtHdmfsMaHyufwk03hlUsBXgNerAs66kxHdA=="
      },
      "Iced": {
        "type": "Transitive",
        "resolved": "1.21.0",
        "contentHash": "dv5+81Q1TBQvVMSOOOmRcjJmvWcX3BZPZsIq31+RLc5cNft0IHAyNlkdb7ZarOWG913PyBoFDsDXoCIlKmLclg=="
      },
      "Microsoft.Build.Tasks.Git": {
        "type": "Transitive",
        "resolved": "8.0.0",
        "contentHash": "bZKfSIKJRXLTuSzLudMFte/8CempWjVamNUR5eHJizsy+iuOuO/k2gnh7W0dHJmYY0tBf+gUErfluCv5mySAOQ=="
      },
      "Microsoft.CodeAnalysis.Analyzers": {
        "type": "Transitive",
        "resolved": "3.11.0",
        "contentHash": "v/EW3UE8/lbEYHoC2Qq7AR/DnmvpgdtAMndfQNmpuIMx/Mto8L5JnuCfdBYtgvalQOtfNCnxFejxuRrryvUTsg=="
      },
      "Microsoft.CodeAnalysis.Common": {
        "type": "Transitive",
        "resolved": "4.14.0",
        "contentHash": "PC3tuwZYnC+idaPuoC/AZpEdwrtX7qFpmnrfQkgobGIWiYmGi5MCRtl5mx6QrfMGQpK78X2lfIEoZDLg/qnuHg==",
        "dependencies": {
          "Microsoft.CodeAnalysis.Analyzers": "3.11.0"
        }
      },
      "Microsoft.CodeAnalysis.CSharp": {
        "type": "Transitive",
        "resolved": "4.14.0",
        "contentHash": "568a6wcTivauIhbeWcCwfWwIn7UV7MeHEBvFB2uzGIpM2OhJ4eM/FZ8KS0yhPoNxnSpjGzz7x7CIjTxhslojQA==",
        "dependencies": {
          "Microsoft.CodeAnalysis.Analyzers": "3.11.0",
          "Microsoft.CodeAnalysis.Common": "[4.14.0]"
        }
      },
      "Microsoft.Data.Sqlite.Core": {
        "type": "Transitive",
        "resolved": "10.0.0",
        "contentHash": "wPKG/Ym6tSMCo06UOZXzVfeFGzawnOZrTba/R3PfK+RhNuNELZ9I7nFns4WGTtv2kKlrlmmErgJ+kgTXHaNdHg==",
        "dependencies": {
          "SQLitePCLRaw.core": "2.1.11"
        }
      },
      "Microsoft.Diagnostics.NETCore.Client": {
        "type": "Transitive",
        "resolved": "0.2.510501",
        "contentHash": "juoqJYMDs+lRrrZyOkXXMImJHneCF23cuvO4waFRd2Ds7j+ZuGIPbJm0Y/zz34BdeaGiiwGWraMUlln05W1PCQ==",
        "dependencies": {
          "Microsoft.Extensions.Logging": "6.0.0"
        }
      },
      "Microsoft.Diagnostics.Runtime": {
        "type": "Transitive",
        "resolved": "3.1.512801",
        "contentHash": "0lMUDr2oxNZa28D6NH5BuSQEe5T9tZziIkvkD44YkkCGQXPJqvFjLq5ZQq1hYLl3RjQJrY+hR0jFgap+EWPDTw==",
        "dependencies": {
          "Microsoft.Diagnostics.NETCore.Client": "0.2.410101"
        }
      },
      "Microsoft.Diagnostics.Tracing.TraceEvent": {
        "type": "Transitive",
        "resolved": "3.1.21",
        "contentHash": "/OrJFKaojSR6TkUKtwh8/qA9XWNtxLrXMqvEb89dBSKCWjaGVTbKMYodIUgF5deCEtmd6GXuRerciXGl5bhZ7Q==",
        "dependencies": {
          "Microsoft.Diagnostics.NETCore.Client": "0.2.510501",
          "System.Reflection.TypeExtensions": "4.7.0"
        }
      },
      "Microsoft.DotNet.PlatformAbstractions": {
        "type": "Transitive",
        "resolved": "3.1.6",
        "contentHash": "jek4XYaQ/PGUwDKKhwR8K47Uh1189PFzMeLqO83mXrXQVIpARZCcfuDedH50YDTepBkfijCZN5U/vZi++erxtg=="
      },
      "Microsoft.Extensions.DependencyInjection.Abstractions": {
        "type": "Transitive",
        "resolved": "10.0.0",
        "contentHash": "L3AdmZ1WOK4XXT5YFPEwyt0ep6l8lGIPs7F5OOBZc77Zqeo01Of7XXICy47628sdVl0v/owxYJTe86DTgFwKCA=="
      },
      "Microsoft.Extensions.Logging.Abstractions": {
        "type": "Transitive",
        "resolved": "10.0.0",
        "contentHash": "FU/IfjDfwaMuKr414SSQNTIti/69bHEMb+QKrskRb26oVqpx3lNFXMjs/RC9ZUuhBhcwDM2BwOgoMw+PZ+beqQ==",
        "dependencies": {
          "Microsoft.Extensions.DependencyInjection.Abstractions": "10.0.0"
        }
      },
      "Microsoft.Extensions.Options": {
        "type": "Transitive",
        "resolved": "10.0.0",
        "contentHash": "8oCAgXOow5XDrY9HaXX1QmH3ORsyZO/ANVHBlhLyCeWTH5Sg4UuqZeOTWJi6484M+LqSx0RqQXDJtdYy2BNiLQ==",
        "dependencies": {
          "Microsoft.Extensions.DependencyInjection.Abstractions": "10.0.0",
          "Microsoft.Extensions.Primitives": "10.0.0"
        }
      },
      "Microsoft.Extensions.Primitives": {
        "type": "Transitive",
        "resolved": "10.0.0",
        "contentHash": "inRnbpCS0nwO/RuoZIAqxQUuyjaknOOnCEZB55KSMMjRhl0RQDttSmLSGsUJN3RQ3ocf5NDLFd2mOQViHqMK5w=="
      },
      "Microsoft.SourceLink.Common": {
        "type": "Transitive",
        "resolved": "8.0.0",
        "contentHash": "dk9JPxTCIevS75HyEQ0E4OVAFhB2N+V9ShCXf8Q6FkUQZDkgLI12y679Nym1YqsiSysuQskT7Z+6nUf3yab6Vw=="
      },
      "Perfolizer": {
        "type": "Transitive",
        "resolved": "0.6.1",
        "contentHash": "CR1QmWg4XYBd1Pb7WseP+sDmV8nGPwvmowKynExTqr3OuckIGVMhvmN4LC5PGzfXqDlR295+hz/T7syA1CxEqA==",
        "dependencies": {
          "Pragmastat": "3.2.4"
        }
      },
      "Pragmastat": {
        "type": "Transitive",
        "resolved": "3.2.4",
        "contentHash": "I5qFifWw/gaTQT52MhzjZpkm/JPlfjSeO/DTZJjO7+hTKI+0aGRgOgZ3NN6D96dDuuqbIAZSeA5RimtHjqrA2A=="
      },
      "Speckle.Objects": {
        "type": "Transitive",
        "resolved": "3.16.0",
        "contentHash": "rejNd2qSqvl5Z12EkkfLVmME0OCssAYDB3Pv0MR6qSQk1HiKtY6FAZ0cCQrNAW/0my2U9BhAxuuijYVwZ/2kuw==",
        "dependencies": {
          "Speckle.Sdk": "3.16.0"
        }
      },
      "SQLitePCLRaw.bundle_e_sqlite3": {
        "type": "Transitive",
        "resolved": "2.1.11",
        "contentHash": "DC4nA7yWnf4UZdgJDF+9Mus4/cb0Y3Sfgi3gDnAoKNAIBwzkskNAbNbyu+u4atT0ruVlZNJfwZmwiEwE5oz9LQ==",
        "dependencies": {
          "SQLitePCLRaw.lib.e_sqlite3": "2.1.11",
          "SQLitePCLRaw.provider.e_sqlite3": "2.1.11"
        }
      },
      "SQLitePCLRaw.core": {
        "type": "Transitive",
        "resolved": "2.1.11",
        "contentHash": "PK0GLFkfhZzLQeR3PJf71FmhtHox+U3vcY6ZtswoMjrefkB9k6ErNJEnwXqc5KgXDSjige2XXrezqS39gkpQKA=="
      },
      "SQLitePCLRaw.lib.e_sqlite3": {
        "type": "Transitive",
        "resolved": "2.1.11",
        "contentHash": "Ev2ytaXiOlWZ4b3R67GZBsemTINslLD1DCJr2xiacpn4tbapu0Q4dHEzSvZSMnVWeE5nlObU3VZN2p81q3XOYQ=="
      },
      "SQLitePCLRaw.provider.e_sqlite3": {
        "type": "Transitive",
        "resolved": "2.1.11",
        "contentHash": "Y/0ZkR+r0Cg3DQFuCl1RBnv/tmxpIZRU3HUvelPw6MVaKHwYYR8YNvgs0vuNuXCMvlyJ+Fh88U1D4tah1tt6qw==",
        "dependencies": {
          "SQLitePCLRaw.core": "2.1.11"
        }
      },
      "System.CodeDom": {
        "type": "Transitive",
        "resolved": "9.0.5",
        "contentHash": "cuzLM2MWutf9ZBEMPYYfd0DXwYdvntp7VCT6a/wvbKCa2ZuvGmW74xi+YBa2mrfEieAXqM4TNKlMmSnfAfpUoQ=="
      },
      "System.Management": {
        "type": "Transitive",
        "resolved": "9.0.5",
        "contentHash": "n6o9PZm9p25+zAzC3/48K0oHnaPKTInRrxqFq1fi/5TPbMLjuoCm/h//mS3cUmSy+9AO1Z+qsC/Ilt/ZFatv5Q==",
        "dependencies": {
          "System.CodeDom": "9.0.5"
        }
      },
      "System.Reactive": {
        "type": "Transitive",
        "resolved": "6.0.0",
        "contentHash": "31kfaW4ZupZzPsI5PVe77VhnvFF55qgma7KZr/E0iFTs6fmdhhG8j0mgEx620iLTey1EynOkEfnyTjtNEpJzGw=="
      },
      "System.Reflection.TypeExtensions": {
        "type": "Transitive",
        "resolved": "4.7.0",
        "contentHash": "VybpaOQQhqE6siHppMktjfGBw1GCwvCqiufqmP8F1nj7fTUNtW35LOEt3UZTEsECfo+ELAl/9o9nJx3U91i7vA=="
      },
      "speckle.sdk": {
        "type": "Project",
        "dependencies": {
          "GraphQL.Client": "[6.1.0, )",
          "Microsoft.Data.Sqlite": "[10.0.0, )",
          "Microsoft.Extensions.DependencyInjection": "[10.0.0, )",
          "Microsoft.Extensions.Logging": "[10.0.0, )",
          "Microsoft.Extensions.ObjectPool": "[10.0.0, )",
          "Speckle.DoubleNumerics": "[4.1.0, )",
          "Speckle.Newtonsoft.Json": "[13.0.2, )",
          "Speckle.Sdk.Dependencies": "[1.0.0, )"
        }
      },
      "speckle.sdk.dependencies": {
        "type": "Project"
      },
      "speckle.sdk.tests.performance": {
        "type": "Project",
        "dependencies": {
          "BenchmarkDotNet": "[0.15.8, )",
          "Speckle.Objects": "[3.16.0, )"
        }
      },
      "BenchmarkDotNet": {
        "type": "CentralTransitive",
        "requested": "[0.15.8, )",
        "resolved": "0.15.8",
        "contentHash": "paCfrWxSeHqn3rUZc0spYXVFnHCF0nzRhG0nOLnyTjZYs8spsimBaaNmb3vwqvALKIplbYq/TF393vYiYSnh/Q==",
        "dependencies": {
          "BenchmarkDotNet.Annotations": "0.15.8",
          "CommandLineParser": "2.9.1",
          "Gee.External.Capstone": "2.3.0",
          "Iced": "1.21.0",
          "Microsoft.CodeAnalysis.CSharp": "4.14.0",
          "Microsoft.Diagnostics.Runtime": "3.1.512801",
          "Microsoft.Diagnostics.Tracing.TraceEvent": "3.1.21",
          "Microsoft.DotNet.PlatformAbstractions": "3.1.6",
          "Perfolizer": "[0.6.1]",
          "System.Management": "9.0.5"
        }
      },
      "GraphQL.Client": {
        "type": "CentralTransitive",
        "requested": "[6.1.0, )",
        "resolved": "6.1.0",
        "contentHash": "oKliAxtNuZDMxO9079mjSbwA0YwhjXBzVnVPuNZ3HI4OllO++CcOLT30l90mM/fxCAMaa8GU4ZYMwD9YjLkyiw==",
        "dependencies": {
          "GraphQL.Client.Abstractions": "6.1.0",
          "GraphQL.Client.Abstractions.Websocket": "6.1.0",
          "System.Reactive": "6.0.0"
        }
      },
      "Microsoft.Data.Sqlite": {
        "type": "CentralTransitive",
        "requested": "[7.0.5, )",
        "resolved": "10.0.0",
        "contentHash": "I/azQ5WjwoLvSlTyDydkhARPSjYJN8jkXRjR5D92OeyTLbTrQ1K93rgf6XU+HYWHZA6lBI9SUOfl69OqEHb4ow==",
        "dependencies": {
          "Microsoft.Data.Sqlite.Core": "10.0.0",
          "SQLitePCLRaw.bundle_e_sqlite3": "2.1.11",
          "SQLitePCLRaw.core": "2.1.11"
        }
      },
      "Microsoft.Extensions.DependencyInjection": {
        "type": "CentralTransitive",
        "requested": "[10.0.6, )",
        "resolved": "10.0.0",
        "contentHash": "f0RBabswJq+gRu5a+hWIobrLWiUYPKMhCD9WO3sYBAdSy3FFH14LMvLVFZc2kPSCimBLxSuitUhsd6tb0TAY6A==",
        "dependencies": {
          "Microsoft.Extensions.DependencyInjection.Abstractions": "10.0.0"
        }
      },
      "Microsoft.Extensions.Logging": {
        "type": "CentralTransitive",
        "requested": "[10.0.6, )",
        "resolved": "10.0.0",
        "contentHash": "BStFkd5CcnEtarlcgYDBcFzGYCuuNMzPs02wN3WBsOFoYIEmYoUdAiU+au6opzoqfTYJsMTW00AeqDdnXH2CvA==",
        "dependencies": {
          "Microsoft.Extensions.DependencyInjection": "10.0.0",
          "Microsoft.Extensions.Logging.Abstractions": "10.0.0",
          "Microsoft.Extensions.Options": "10.0.0"
        }
      },
      "Microsoft.Extensions.ObjectPool": {
        "type": "CentralTransitive",
        "requested": "[10.0.6, )",
        "resolved": "10.0.0",
        "contentHash": "bpeCq0IYmVLACyEUMzFIOQX+zZUElG1t+nu1lSxthe7B+1oNYking7b91305+jNB6iwojp9fqTY9O+Nh7ULQxg=="
      },
      "Speckle.DoubleNumerics": {
        "type": "CentralTransitive",
        "requested": "[4.1.0, )",
        "resolved": "4.1.0",
        "contentHash": "20DtS+FsDRsOD9+AU3TwNFZ0qrKo5f6f7B5ZR9wStsIHHHC9k7DpjbCvuNtmnSjx54MD+TJC7wV2f5iyGVPj1A=="
      },
      "Speckle.Newtonsoft.Json": {
        "type": "CentralTransitive",
        "requested": "[13.0.2, )",
        "resolved": "13.0.2",
        "contentHash": "g1BejUZwax5PRfL6xHgLEK23sqHWOgOj9hE7RvfRRlN00AGt8GnPYt8HedSK7UB3HiRW8zCA9Pn0iiYxCK24BA=="
      }
    }
  }
}